GEM
  remote: https://rubygems.org/
  specs:
    drb (2.2.3)
    json (2.7.0)
    minitest (6.0.2)
      drb (~> 2.0)
      prism (~> 1.5)
    prism (1.9.0)
    rack (2.2.3)
    rake (13.3.1)

PLATFORMS
  arm64-darwin-22
  x86_64-linux

DEPENDENCIES
  json (= 2.7.0)
  minitest (= 6.0.2)
  rack (= 2.2.3)
  rake (= 13.3.1)

BUNDLED WITH
   2.3.10
